{
  "name": "dicomparser",
  "lockfileVersion": 2,
  "requires": true,
  "packages": {
    "": {
      "dependencies": {
        "bootstrap": "^5.1.3",
        "cornerstone": "^0.1.1",
        "cornerstone-math": "^0.1.9",
        "cornerstone-tools": "^2.6.0",
        "cornerstone-wado-image-loader": "^4.1.1",
        "dicom-data-dictionary": "^0.3.1",
        "dicom-parser": "^1.8.11",
        "docdash": "^1.2.0",
        "jsdoc": "^3.6.10",
        "pako": "^2.0.4",
        "rusha": "^0.8.14",
        "uids": "^1.0.3"
      }
    },
    "node_modules/@babel/parser": {
      "version": "7.17.3",
      "resolved": "https://registry.npmjs.org/@babel/parser/-/parser-7.17.3.tgz",
      "integrity": "sha512-7yJPvPV+ESz2IUTPbOL+YkIGyCqOyNIzdguKQuJGnH7bg1WTIifuM21YqokFt/THWh1AkCRn9IgoykTRCBVpzA==",
      "bin": {
        "parser": "bin/babel-parser.js"
      },
      "engines": {
        "node": ">=6.0.0"
      }
    },
    "node_modules/@cornerstonejs/codec-charls": {
      "version": "0.1.1",
      "resolved": "https://registry.npmjs.org/@cornerstonejs/codec-charls/-/codec-charls-0.1.1.tgz",
      "integrity": "sha512-Y250DGVzmownJ7WgpHxNqWvfTnv4/malaKm/tWm0xE1FxhQE8iErMWFpKxpNDk3MdfXO4/98piVsUwmJMiWoDQ=="
    },
    "node_modules/@cornerstonejs/codec-libjpeg-turbo-8bit": {
      "version": "0.0.7",
      "resolved": "https://registry.npmjs.org/@cornerstonejs/codec-libjpeg-turbo-8bit/-/codec-libjpeg-turbo-8bit-0.0.7.tgz",
      "integrity": "sha512-qgm6BuVAy5mNP8SJ+A6+VbmPnqgj8jPvJrw4HbUoAzndmf9/VHjTYwawn3kmZWya5ErFAsXQ6c0U0noB1LKAiA=="
    },
    "node_modules/@cornerstonejs/codec-openjpeg": {
      "version": "0.1.0",
      "resolved": "https://registry.npmjs.org/@cornerstonejs/codec-openjpeg/-/codec-openjpeg-0.1.0.tgz",
      "integrity": "sha512-9mwseBidYPQ1rGPcUU8JriQnzUi5Bgtontqca7gw47uzxC4Zamoc1Kuho5LUpbS1LSnOLePOkDrg/LCYhJIq8g=="
    },
    "node_modules/@popperjs/core": {
      "version": "2.11.2",
      "resolved": "https://registry.npmjs.org/@popperjs/core/-/core-2.11.2.tgz",
      "integrity": "sha512-92FRmppjjqz29VMJ2dn+xdyXZBrMlE42AV6Kq6BwjWV7CNUW1hs2FtxSNLQE+gJhaZ6AAmYuO9y8dshhcBl7vA==",
      "peer": true,
      "funding": {
        "type": "opencollective",
        "url": "https://opencollective.com/popperjs"
      }
    },
    "node_modules/@types/linkify-it": {
      "version": "3.0.2",
      "resolved": "https://registry.npmjs.org/@types/linkify-it/-/linkify-it-3.0.2.tgz",
      "integrity": "sha512-HZQYqbiFVWufzCwexrvh694SOim8z2d+xJl5UNamcvQFejLY/2YUtzXHYi3cHdI7PMlS8ejH2slRAOJQ32aNbA=="
    },
    "node_modules/@types/markdown-it": {
      "version": "12.2.3",
      "resolved": "https://registry.npmjs.org/@types/markdown-it/-/markdown-it-12.2.3.tgz",
      "integrity": "sha512-GKMHFfv3458yYy+v/N8gjufHO6MSZKCOXpZc5GXIWWy8uldwfmPn98vp81gZ5f9SVw8YYBctgfJ22a2d7AOMeQ==",
      "dependencies": {
        "@types/linkify-it": "*",
        "@types/mdurl": "*"
      }
    },
    "node_modules/@types/mdurl": {
      "version": "1.0.2",
      "resolved": "https://registry.npmjs.org/@types/mdurl/-/mdurl-1.0.2.tgz",
      "integrity": "sha512-eC4U9MlIcu2q0KQmXszyn5Akca/0jrQmwDRgpAMJai7qBWq4amIQhZyNau4VYGtCeALvW1/NtjzJJ567aZxfKA=="
    },
    "node_modules/argparse": {
      "version": "2.0.1",
      "resolved": "https://registry.npmjs.org/argparse/-/argparse-2.0.1.tgz",
      "integrity": "sha512-8+9WqebbFzpX9OR+Wa6O29asIogeRMzcGtAINdpMHHyAg10f05aSFVBbcEqGf/PXw1EjAZ+q2/bEBg3DvurK3Q=="
    },
    "node_modules/bluebird": {
      "version": "3.7.2",
      "resolved": "https://registry.npmjs.org/bluebird/-/bluebird-3.7.2.tgz",
      "integrity": "sha512-XpNj6GDQzdfW+r2Wnn7xiSAd7TM3jzkxGXBGTtWKuSXv1xUV+azxAm8jdWZN06QTQk+2N2XB9jRDkvbmQmcRtg=="
    },
    "node_modules/bootstrap": {
      "version": "5.1.3",
      "resolved": "https://registry.npmjs.org/bootstrap/-/bootstrap-5.1.3.tgz",
      "integrity": "sha512-fcQztozJ8jToQWXxVuEyXWW+dSo8AiXWKwiSSrKWsRB/Qt+Ewwza+JWoLKiTuQLaEPhdNAJ7+Dosc9DOIqNy7Q==",
      "funding": {
        "type": "opencollective",
        "url": "https://opencollective.com/bootstrap"
      },
      "peerDependencies": {
        "@popperjs/core": "^2.10.2"
      }
    },
    "node_modules/catharsis": {
      "version": "0.9.0",
      "resolved": "https://registry.npmjs.org/catharsis/-/catharsis-0.9.0.tgz",
      "integrity": "sha512-prMTQVpcns/tzFgFVkVp6ak6RykZyWb3gu8ckUpd6YkTlacOd3DXGJjIpD4Q6zJirizvaiAjSSHlOsA+6sNh2A==",
      "dependencies": {
        "lodash": "^4.17.15"
      },
      "engines": {
        "node": ">= 10"
      }
    },
    "node_modules/cornerstone": {
      "version": "0.1.1",
      "resolved": "https://registry.npmjs.org/cornerstone/-/cornerstone-0.1.1.tgz",
      "integrity": "sha1-D4mxPUZVrgAEgUZpOWwZUqnXjt0="
    },
    "node_modules/cornerstone-core": {
      "version": "2.6.1",
      "resolved": "https://registry.npmjs.org/cornerstone-core/-/cornerstone-core-2.6.1.tgz",
      "integrity": "sha512-LAXjXwNnK2W65ZxpE7phVLjbijkYUrAQIGv5xqKjK8+dmIGlBxqvPHnyGwEqVDyKOWVrpXP6ymUPwrGGRwzgMg==",
      "peer": true
    },
    "node_modules/cornerstone-math": {
      "version": "0.1.9",
      "resolved": "https://registry.npmjs.org/cornerstone-math/-/cornerstone-math-0.1.9.tgz",
      "integrity": "sha512-NxdooV73asEQgav1S+0e+a4K+W3CXJdLXyFkVN24qqCtmIpzZzwtw3F9KWPCekzSAJmbhtQ3HicOQj3d4vRtuw=="
    },
    "node_modules/cornerstone-tools": {
      "version": "2.6.0",
      "resolved": "https://registry.npmjs.org/cornerstone-tools/-/cornerstone-tools-2.6.0.tgz",
      "integrity": "sha512-6B6MMiQgyPkNjKYHM5aRVmEIruUDm628b9j9tqRlI5P8dS8/kltY3UjUR50RW/PEY5W0IDD09pYNMTqP2oANtw==",
      "dependencies": {
        "cornerstone-math": "^0.1.6"
      }
    },
    "node_modules/cornerstone-wado-image-loader": {
      "version": "4.1.1",
      "resolved": "https://registry.npmjs.org/cornerstone-wado-image-loader/-/cornerstone-wado-image-loader-4.1.1.tgz",
      "integrity": "sha512-ekJIESqjZhDrMpUBZQDY+ta5bCbjjPB3f2k3+iagwMDnKuK7oo6WVxgEO68PHzR7jo5i+EeRMNsz1Hp5w2znMA==",
      "dependencies": {
        "@cornerstonejs/codec-charls": "^0.1.1",
        "@cornerstonejs/codec-libjpeg-turbo-8bit": "^0.0.7",
        "@cornerstonejs/codec-openjpeg": "^0.1.0",
        "dicom-parser": "^1.8.9",
        "pako": "^2.0.4"
      },
      "peerDependencies": {
        "cornerstone-core": "^2.6.0"
      }
    },
    "node_modules/dicom-data-dictionary": {
      "version": "0.3.1",
      "resolved": "https://registry.npmjs.org/dicom-data-dictionary/-/dicom-data-dictionary-0.3.1.tgz",
      "integrity": "sha1-zG61akFkObWLd819uTNbqvCGJYk="
    },
    "node_modules/dicom-parser": {
      "version": "1.8.11",
      "resolved": "https://registry.npmjs.org/dicom-parser/-/dicom-parser-1.8.11.tgz",
      "integrity": "sha512-KbxEDqv4Stynv5AxDh90+jY7MtPvI2uyOG62yD8zKu/pcZqoQYfPX44rB0ULjpxt6YIfXfajrs7B1L97RbjNsg=="
    },
    "node_modules/docdash": {
      "version": "1.2.0",
      "resolved": "https://registry.npmjs.org/docdash/-/docdash-1.2.0.tgz",
      "integrity": "sha512-IYZbgYthPTspgqYeciRJNPhSwL51yer7HAwDXhF5p+H7mTDbPvY3PCk/QDjNxdPCpWkaJVFC4t7iCNB/t9E5Kw=="
    },
    "node_modules/entities": {
      "version": "2.1.0",
      "resolved": "https://registry.npmjs.org/entities/-/entities-2.1.0.tgz",
      "integrity": "sha512-hCx1oky9PFrJ611mf0ifBLBRW8lUUVRlFolb5gWRfIELabBlbp9xZvrqZLZAs+NxFnbfQoeGd8wDkygjg7U85w==",
      "funding": {
        "url": "https://github.com/fb55/entities?sponsor=1"
      }
    },
    "node_modules/escape-string-regexp": {
      "version": "2.0.0",
      "resolved": "https://registry.npmjs.org/escape-string-regexp/-/escape-string-regexp-2.0.0.tgz",
      "integrity": "sha512-UpzcLCXolUWcNu5HtVMHYdXJjArjsF9C0aNnquZYY4uW/Vu0miy5YoWvbV345HauVvcAUnpRuhMMcqTcGOY2+w==",
      "engines": {
        "node": ">=8"
      }
    },
    "node_modules/js2xmlparser": {
      "version": "4.0.2",
      "resolved": "https://registry.npmjs.org/js2xmlparser/-/js2xmlparser-4.0.2.tgz",
      "integrity": "sha512-6n4D8gLlLf1n5mNLQPRfViYzu9RATblzPEtm1SthMX1Pjao0r9YI9nw7ZIfRxQMERS87mcswrg+r/OYrPRX6jA==",
      "dependencies": {
        "xmlcreate": "^2.0.4"
      }
    },
    "node_modules/jsdoc": {
      "version": "3.6.10",
      "resolved": "https://registry.npmjs.org/jsdoc/-/jsdoc-3.6.10.tgz",
      "integrity": "sha512-IdQ8ppSo5LKZ9o3M+LKIIK8i00DIe5msDvG3G81Km+1dhy0XrOWD0Ji8H61ElgyEj/O9KRLokgKbAM9XX9CJAg==",
      "dependencies": {
        "@babel/parser": "^7.9.4",
        "@types/markdown-it": "^12.2.3",
        "bluebird": "^3.7.2",
        "catharsis": "^0.9.0",
        "escape-string-regexp": "^2.0.0",
        "js2xmlparser": "^4.0.2",
        "klaw": "^4.0.1",
        "markdown-it": "^12.3.2",
        "markdown-it-anchor": "^8.4.1",
        "marked": "^4.0.10",
        "mkdirp": "^1.0.4",
        "requizzle": "^0.2.3",
        "strip-json-comments": "^3.1.0",
        "taffydb": "2.6.2",
        "underscore": "~1.13.2"
      },
      "bin": {
        "jsdoc": "jsdoc.js"
      },
      "engines": {
        "node": ">=8.15.0"
      }
    },
    "node_modules/klaw": {
      "version": "4.0.1",
      "resolved": "https://registry.npmjs.org/klaw/-/klaw-4.0.1.tgz",
      "integrity": "sha512-pgsE40/SvC7st04AHiISNewaIMUbY5V/K8b21ekiPiFoYs/EYSdsGa+FJArB1d441uq4Q8zZyIxvAzkGNlBdRw==",
      "engines": {
        "node": ">=14.14.0"
      }
    },
    "node_modules/linkify-it": {
      "version": "3.0.3",
      "resolved": "https://registry.npmjs.org/linkify-it/-/linkify-it-3.0.3.tgz",
      "integrity": "sha512-ynTsyrFSdE5oZ/O9GEf00kPngmOfVwazR5GKDq6EYfhlpFug3J2zybX56a2PRRpc9P+FuSoGNAwjlbDs9jJBPQ==",
      "dependencies": {
        "uc.micro": "^1.0.1"
      }
    },
    "node_modules/lodash": {
      "version": "4.17.21",
      "resolved": "https://registry.npmjs.org/lodash/-/lodash-4.17.21.tgz",
      "integrity": "sha512-v2kDEe57lecTulaDIuNTPy3Ry4gLGJ6Z1O3vE1krgXZNrsQ+LFTGHVxVjcXPs17LhbZVGedAJv8XZ1tvj5FvSg=="
    },
    "node_modules/markdown-it": {
      "version": "12.3.2",
      "resolved": "https://registry.npmjs.org/markdown-it/-/markdown-it-12.3.2.tgz",
      "integrity": "sha512-TchMembfxfNVpHkbtriWltGWc+m3xszaRD0CZup7GFFhzIgQqxIfn3eGj1yZpfuflzPvfkt611B2Q/Bsk1YnGg==",
      "dependencies": {
        "argparse": "^2.0.1",
        "entities": "~2.1.0",
        "linkify-it": "^3.0.1",
        "mdurl": "^1.0.1",
        "uc.micro": "^1.0.5"
      },
      "bin": {
        "markdown-it": "bin/markdown-it.js"
      }
    },
    "node_modules/markdown-it-anchor": {
      "version": "8.4.1",
      "resolved": "https://registry.npmjs.org/markdown-it-anchor/-/markdown-it-anchor-8.4.1.tgz",
      "integrity": "sha512-sLODeRetZ/61KkKLJElaU3NuU2z7MhXf12Ml1WJMSdwpngeofneCRF+JBbat8HiSqhniOMuTemXMrsI7hA6XyA==",
      "peerDependencies": {
        "@types/markdown-it": "*",
        "markdown-it": "*"
      }
    },
    "node_modules/marked": {
      "version": "4.0.12",
      "resolved": "https://registry.npmjs.org/marked/-/marked-4.0.12.tgz",
      "integrity": "sha512-hgibXWrEDNBWgGiK18j/4lkS6ihTe9sxtV4Q1OQppb/0zzyPSzoFANBa5MfsG/zgsWklmNnhm0XACZOH/0HBiQ==",
      "bin": {
        "marked": "bin/marked.js"
      },
      "engines": {
        "node": ">= 12"
      }
    },
    "node_modules/mdurl": {
      "version": "1.0.1",
      "resolved": "https://registry.npmjs.org/mdurl/-/mdurl-1.0.1.tgz",
      "integrity": "sha1-/oWy7HWlkDfyrf7BAP1sYBdhFS4="
    },
    "node_modules/mkdirp": {
      "version": "1.0.4",
      "resolved": "https://registry.npmjs.org/mkdirp/-/mkdirp-1.0.4.tgz",
      "integrity": "sha512-vVqVZQyf3WLx2Shd0qJ9xuvqgAyKPLAiqITEtqW0oIUjzo3PePDd6fW9iFz30ef7Ysp/oiWqbhszeGWW2T6Gzw==",
      "bin": {
        "mkdirp": "bin/cmd.js"
      },
      "engines": {
        "node": ">=10"
      }
    },
    "node_modules/num2str": {
      "version": "3.1.1",
      "resolved": "https://registry.npmjs.org/num2str/-/num2str-3.1.1.tgz",
      "integrity": "sha512-/U/Sdl2KkX10aB6SI9fubvqv7gf7cclo1ohEBIrU/knA6qT26KAVxtdBBN2NtQh1rG01ta6oZtJpzH53RZIM3g=="
    },
    "node_modules/pako": {
      "version": "2.0.4",
      "resolved": "https://registry.npmjs.org/pako/-/pako-2.0.4.tgz",
      "integrity": "sha512-v8tweI900AUkZN6heMU/4Uy4cXRc2AYNRggVmTR+dEncawDJgCdLMximOVA2p4qO57WMynangsfGRb5WD6L1Bg=="
    },
    "node_modules/requizzle": {
      "version": "0.2.3",
      "resolved": "https://registry.npmjs.org/requizzle/-/requizzle-0.2.3.tgz",
      "integrity": "sha512-YanoyJjykPxGHii0fZP0uUPEXpvqfBDxWV7s6GKAiiOsiqhX6vHNyW3Qzdmqp/iq/ExbhaGbVrjB4ruEVSM4GQ==",
      "dependencies": {
        "lodash": "^4.17.14"
      }
    },
    "node_modules/rusha": {
      "version": "0.8.14",
      "resolved": "https://registry.npmjs.org/rusha/-/rusha-0.8.14.tgz",
      "integrity": "sha512-cLgakCUf6PedEu15t8kbsjnwIFFR2D4RfL+W3iWFJ4iac7z4B0ZI8fxy4R3J956kAI68HclCFGL8MPoUVC3qVA=="
    },
    "node_modules/strip-json-comments": {
      "version": "3.1.1",
      "resolved": "https://registry.npmjs.org/strip-json-comments/-/strip-json-comments-3.1.1.tgz",
      "integrity": "sha512-6fPc+R4ihwqP6N/aIv2f1gMH8lOVtWQHoqC4yK6oSDVVocumAsfCqjkXnqiYMhmMwS/mEHLp7Vehlt3ql6lEig==",
      "engines": {
        "node": ">=8"
      },
      "funding": {
        "url": "https://github.com/sponsors/sindresorhus"
      }
    },
    "node_modules/taffydb": {
      "version": "2.6.2",
      "resolved": "https://registry.npmjs.org/taffydb/-/taffydb-2.6.2.tgz",
      "integrity": "sha1-fLy2S1oUG2ou/CxdLGe04VCyomg="
    },
    "node_modules/uc.micro": {
      "version": "1.0.6",
      "resolved": "https://registry.npmjs.org/uc.micro/-/uc.micro-1.0.6.tgz",
      "integrity": "sha512-8Y75pvTYkLJW2hWQHXxoqRgV7qb9B+9vFEtidML+7koHUFapnVJAZ6cKs+Qjz5Aw3aZWHMC6u0wJE3At+nSGwA=="
    },
    "node_modules/uids": {
      "version": "1.0.3",
      "resolved": "https://registry.npmjs.org/uids/-/uids-1.0.3.tgz",
      "integrity": "sha512-24FCGStjt66s+bAyPhyeyUL+fZyZRZU4cMsmZMG2ElMCIpWbrwxN1xcDzxb7F0aebn5UbJTxRMqqSq2MhPDI6w==",
      "dependencies": {
        "num2str": "^3.1.1"
      }
    },
    "node_modules/underscore": {
      "version": "1.13.2",
      "resolved": "https://registry.npmjs.org/underscore/-/underscore-1.13.2.tgz",
      "integrity": "sha512-ekY1NhRzq0B08g4bGuX4wd2jZx5GnKz6mKSqFL4nqBlfyMGiG10gDFhDTMEfYmDL6Jy0FUIZp7wiRB+0BP7J2g=="
    },
    "node_modules/xmlcreate": {
      "version": "2.0.4",
      "resolved": "https://registry.npmjs.org/xmlcreate/-/xmlcreate-2.0.4.tgz",
      "integrity": "sha512-nquOebG4sngPmGPICTS5EnxqhKbCmz5Ox5hsszI2T6U5qdrJizBc+0ilYSEjTSzU0yZcmvppztXe/5Al5fUwdg=="
    }
  },
  "dependencies": {
    "@babel/parser": {
      "version": "7.17.3",
      "resolved": "https://registry.npmjs.org/@babel/parser/-/parser-7.17.3.tgz",
      "integrity": "sha512-7yJPvPV+ESz2IUTPbOL+YkIGyCqOyNIzdguKQuJGnH7bg1WTIifuM21YqokFt/THWh1AkCRn9IgoykTRCBVpzA=="
    },
    "@cornerstonejs/codec-charls": {
      "version": "0.1.1",
      "resolved": "https://registry.npmjs.org/@cornerstonejs/codec-charls/-/codec-charls-0.1.1.tgz",
      "integrity": "sha512-Y250DGVzmownJ7WgpHxNqWvfTnv4/malaKm/tWm0xE1FxhQE8iErMWFpKxpNDk3MdfXO4/98piVsUwmJMiWoDQ=="
    },
    "@cornerstonejs/codec-libjpeg-turbo-8bit": {
      "version": "0.0.7",
      "resolved": "https://registry.npmjs.org/@cornerstonejs/codec-libjpeg-turbo-8bit/-/codec-libjpeg-turbo-8bit-0.0.7.tgz",
      "integrity": "sha512-qgm6BuVAy5mNP8SJ+A6+VbmPnqgj8jPvJrw4HbUoAzndmf9/VHjTYwawn3kmZWya5ErFAsXQ6c0U0noB1LKAiA=="
    },
    "@cornerstonejs/codec-openjpeg": {
      "version": "0.1.0",
      "resolved": "https://registry.npmjs.org/@cornerstonejs/codec-openjpeg/-/codec-openjpeg-0.1.0.tgz",
      "integrity": "sha512-9mwseBidYPQ1rGPcUU8JriQnzUi5Bgtontqca7gw47uzxC4Zamoc1Kuho5LUpbS1LSnOLePOkDrg/LCYhJIq8g=="
    },
    "@popperjs/core": {
      "version": "2.11.2",
      "resolved": "https://registry.npmjs.org/@popperjs/core/-/core-2.11.2.tgz",
      "integrity": "sha512-92FRmppjjqz29VMJ2dn+xdyXZBrMlE42AV6Kq6BwjWV7CNUW1hs2FtxSNLQE+gJhaZ6AAmYuO9y8dshhcBl7vA==",
      "peer": true
    },
    "@types/linkify-it": {
      "version": "3.0.2",
      "resolved": "https://registry.npmjs.org/@types/linkify-it/-/linkify-it-3.0.2.tgz",
      "integrity": "sha512-HZQYqbiFVWufzCwexrvh694SOim8z2d+xJl5UNamcvQFejLY/2YUtzXHYi3cHdI7PMlS8ejH2slRAOJQ32aNbA=="
    },
    "@types/markdown-it": {
      "version": "12.2.3",
      "resolved": "https://registry.npmjs.org/@types/markdown-it/-/markdown-it-12.2.3.tgz",
      "integrity": "sha512-GKMHFfv3458yYy+v/N8gjufHO6MSZKCOXpZc5GXIWWy8uldwfmPn98vp81gZ5f9SVw8YYBctgfJ22a2d7AOMeQ==",
      "requires": {
        "@types/linkify-it": "*",
        "@types/mdurl": "*"
      }
    },
    "@types/mdurl": {
      "version": "1.0.2",
      "resolved": "https://registry.npmjs.org/@types/mdurl/-/mdurl-1.0.2.tgz",
      "integrity": "sha512-eC4U9MlIcu2q0KQmXszyn5Akca/0jrQmwDRgpAMJai7qBWq4amIQhZyNau4VYGtCeALvW1/NtjzJJ567aZxfKA=="
    },
    "argparse": {
      "version": "2.0.1",
      "resolved": "https://registry.npmjs.org/argparse/-/argparse-2.0.1.tgz",
      "integrity": "sha512-8+9WqebbFzpX9OR+Wa6O29asIogeRMzcGtAINdpMHHyAg10f05aSFVBbcEqGf/PXw1EjAZ+q2/bEBg3DvurK3Q=="
    },
    "bluebird": {
      "version": "3.7.2",
      "resolved": "https://registry.npmjs.org/bluebird/-/bluebird-3.7.2.tgz",
      "integrity": "sha512-XpNj6GDQzdfW+r2Wnn7xiSAd7TM3jzkxGXBGTtWKuSXv1xUV+azxAm8jdWZN06QTQk+2N2XB9jRDkvbmQmcRtg=="
    },
    "bootstrap": {
      "version": "5.1.3",
      "resolved": "https://registry.npmjs.org/bootstrap/-/bootstrap-5.1.3.tgz",
      "integrity": "sha512-fcQztozJ8jToQWXxVuEyXWW+dSo8AiXWKwiSSrKWsRB/Qt+Ewwza+JWoLKiTuQLaEPhdNAJ7+Dosc9DOIqNy7Q==",
      "requires": {}
    },
    "catharsis": {
      "version": "0.9.0",
      "resolved": "https://registry.npmjs.org/catharsis/-/catharsis-0.9.0.tgz",
      "integrity": "sha512-prMTQVpcns/tzFgFVkVp6ak6RykZyWb3gu8ckUpd6YkTlacOd3DXGJjIpD4Q6zJirizvaiAjSSHlOsA+6sNh2A==",
      "requires": {
        "lodash": "^4.17.15"
      }
    },
    "cornerstone": {
      "version": "0.1.1",
      "resolved": "https://registry.npmjs.org/cornerstone/-/cornerstone-0.1.1.tgz",
      "integrity": "sha1-D4mxPUZVrgAEgUZpOWwZUqnXjt0="
    },
    "cornerstone-core": {
      "version": "2.6.1",
      "resolved": "https://registry.npmjs.org/cornerstone-core/-/cornerstone-core-2.6.1.tgz",
      "integrity": "sha512-LAXjXwNnK2W65ZxpE7phVLjbijkYUrAQIGv5xqKjK8+dmIGlBxqvPHnyGwEqVDyKOWVrpXP6ymUPwrGGRwzgMg==",
      "peer": true
    },
    "cornerstone-math": {
      "version": "0.1.9",
      "resolved": "https://registry.npmjs.org/cornerstone-math/-/cornerstone-math-0.1.9.tgz",
      "integrity": "sha512-NxdooV73asEQgav1S+0e+a4K+W3CXJdLXyFkVN24qqCtmIpzZzwtw3F9KWPCekzSAJmbhtQ3HicOQj3d4vRtuw=="
    },
    "cornerstone-tools": {
      "version": "2.6.0",
      "resolved": "https://registry.npmjs.org/cornerstone-tools/-/cornerstone-tools-2.6.0.tgz",
      "integrity": "sha512-6B6MMiQgyPkNjKYHM5aRVmEIruUDm628b9j9tqRlI5P8dS8/kltY3UjUR50RW/PEY5W0IDD09pYNMTqP2oANtw==",
      "requires": {
        "cornerstone-math": "^0.1.6"
      }
    },
    "cornerstone-wado-image-loader": {
      "version": "4.1.1",
      "resolved": "https://registry.npmjs.org/cornerstone-wado-image-loader/-/cornerstone-wado-image-loader-4.1.1.tgz",
      "integrity": "sha512-ekJIESqjZhDrMpUBZQDY+ta5bCbjjPB3f2k3+iagwMDnKuK7oo6WVxgEO68PHzR7jo5i+EeRMNsz1Hp5w2znMA==",
      "requires": {
        "@cornerstonejs/codec-charls": "^0.1.1",
        "@cornerstonejs/codec-libjpeg-turbo-8bit": "^0.0.7",
        "@cornerstonejs/codec-openjpeg": "^0.1.0",
        "dicom-parser": "^1.8.9",
        "pako": "^2.0.4"
      }
    },
    "dicom-data-dictionary": {
      "version": "0.3.1",
      "resolved": "https://registry.npmjs.org/dicom-data-dictionary/-/dicom-data-dictionary-0.3.1.tgz",
      "integrity": "sha1-zG61akFkObWLd819uTNbqvCGJYk="
    },
    "dicom-parser": {
      "version": "1.8.11",
      "resolved": "https://registry.npmjs.org/dicom-parser/-/dicom-parser-1.8.11.tgz",
      "integrity": "sha512-KbxEDqv4Stynv5AxDh90+jY7MtPvI2uyOG62yD8zKu/pcZqoQYfPX44rB0ULjpxt6YIfXfajrs7B1L97RbjNsg=="
    },
    "docdash": {
      "version": "1.2.0",
      "resolved": "https://registry.npmjs.org/docdash/-/docdash-1.2.0.tgz",
      "integrity": "sha512-IYZbgYthPTspgqYeciRJNPhSwL51yer7HAwDXhF5p+H7mTDbPvY3PCk/QDjNxdPCpWkaJVFC4t7iCNB/t9E5Kw=="
    },
    "entities": {
      "version": "2.1.0",
      "resolved": "https://registry.npmjs.org/entities/-/entities-2.1.0.tgz",
      "integrity": "sha512-hCx1oky9PFrJ611mf0ifBLBRW8lUUVRlFolb5gWRfIELabBlbp9xZvrqZLZAs+NxFnbfQoeGd8wDkygjg7U85w=="
    },
    "escape-string-regexp": {
      "version": "2.0.0",
      "resolved": "https://registry.npmjs.org/escape-string-regexp/-/escape-string-regexp-2.0.0.tgz",
      "integrity": "sha512-UpzcLCXolUWcNu5HtVMHYdXJjArjsF9C0aNnquZYY4uW/Vu0miy5YoWvbV345HauVvcAUnpRuhMMcqTcGOY2+w=="
    },
    "js2xmlparser": {
      "version": "4.0.2",
      "resolved": "https://registry.npmjs.org/js2xmlparser/-/js2xmlparser-4.0.2.tgz",
      "integrity": "sha512-6n4D8gLlLf1n5mNLQPRfViYzu9RATblzPEtm1SthMX1Pjao0r9YI9nw7ZIfRxQMERS87mcswrg+r/OYrPRX6jA==",
      "requires": {
        "xmlcreate": "^2.0.4"
      }
    },
    "jsdoc": {
      "version": "3.6.10",
      "resolved": "https://registry.npmjs.org/jsdoc/-/jsdoc-3.6.10.tgz",
      "integrity": "sha512-IdQ8ppSo5LKZ9o3M+LKIIK8i00DIe5msDvG3G81Km+1dhy0XrOWD0Ji8H61ElgyEj/O9KRLokgKbAM9XX9CJAg==",
      "requires": {
        "@babel/parser": "^7.9.4",
        "@types/markdown-it": "^12.2.3",
        "bluebird": "^3.7.2",
        "catharsis": "^0.9.0",
        "escape-string-regexp": "^2.0.0",
        "js2xmlparser": "^4.0.2",
        "klaw": "^4.0.1",
        "markdown-it": "^12.3.2",
        "markdown-it-anchor": "^8.4.1",
        "marked": "^4.0.10",
        "mkdirp": "^1.0.4",
        "requizzle": "^0.2.3",
        "strip-json-comments": "^3.1.0",
        "taffydb": "2.6.2",
        "underscore": "~1.13.2"
      }
    },
    "klaw": {
      "version": "4.0.1",
      "resolved": "https://registry.npmjs.org/klaw/-/klaw-4.0.1.tgz",
      "integrity": "sha512-pgsE40/SvC7st04AHiISNewaIMUbY5V/K8b21ekiPiFoYs/EYSdsGa+FJArB1d441uq4Q8zZyIxvAzkGNlBdRw=="
    },
    "linkify-it": {
      "version": "3.0.3",
      "resolved": "https://registry.npmjs.org/linkify-it/-/linkify-it-3.0.3.tgz",
      "integrity": "sha512-ynTsyrFSdE5oZ/O9GEf00kPngmOfVwazR5GKDq6EYfhlpFug3J2zybX56a2PRRpc9P+FuSoGNAwjlbDs9jJBPQ==",
      "requires": {
        "uc.micro": "^1.0.1"
      }
    },
    "lodash": {
      "version": "4.17.21",
      "resolved": "https://registry.npmjs.org/lodash/-/lodash-4.17.21.tgz",
      "integrity": "sha512-v2kDEe57lecTulaDIuNTPy3Ry4gLGJ6Z1O3vE1krgXZNrsQ+LFTGHVxVjcXPs17LhbZVGedAJv8XZ1tvj5FvSg=="
    },
    "markdown-it": {
      "version": "12.3.2",
      "resolved": "https://registry.npmjs.org/markdown-it/-/markdown-it-12.3.2.tgz",
      "integrity": "sha512-TchMembfxfNVpHkbtriWltGWc+m3xszaRD0CZup7GFFhzIgQqxIfn3eGj1yZpfuflzPvfkt611B2Q/Bsk1YnGg==",
      "requires": {
        "argparse": "^2.0.1",
        "entities": "~2.1.0",
        "linkify-it": "^3.0.1",
        "mdurl": "^1.0.1",
        "uc.micro": "^1.0.5"
      }
    },
    "markdown-it-anchor": {
      "version": "8.4.1",
      "resolved": "https://registry.npmjs.org/markdown-it-anchor/-/markdown-it-anchor-8.4.1.tgz",
      "integrity": "sha512-sLODeRetZ/61KkKLJElaU3NuU2z7MhXf12Ml1WJMSdwpngeofneCRF+JBbat8HiSqhniOMuTemXMrsI7hA6XyA==",
      "requires": {}
    },
    "marked": {
      "version": "4.0.12",
      "resolved": "https://registry.npmjs.org/marked/-/marked-4.0.12.tgz",
      "integrity": "sha512-hgibXWrEDNBWgGiK18j/4lkS6ihTe9sxtV4Q1OQppb/0zzyPSzoFANBa5MfsG/zgsWklmNnhm0XACZOH/0HBiQ=="
    },
    "mdurl": {
      "version": "1.0.1",
      "resolved": "https://registry.npmjs.org/mdurl/-/mdurl-1.0.1.tgz",
      "integrity": "sha1-/oWy7HWlkDfyrf7BAP1sYBdhFS4="
    },
    "mkdirp": {
      "version": "1.0.4",
      "resolved": "https://registry.npmjs.org/mkdirp/-/mkdirp-1.0.4.tgz",
      "integrity": "sha512-vVqVZQyf3WLx2Shd0qJ9xuvqgAyKPLAiqITEtqW0oIUjzo3PePDd6fW9iFz30ef7Ysp/oiWqbhszeGWW2T6Gzw=="
    },
    "num2str": {
      "version": "3.1.1",
      "resolved": "https://registry.npmjs.org/num2str/-/num2str-3.1.1.tgz",
      "integrity": "sha512-/U/Sdl2KkX10aB6SI9fubvqv7gf7cclo1ohEBIrU/knA6qT26KAVxtdBBN2NtQh1rG01ta6oZtJpzH53RZIM3g=="
    },
    "pako": {
      "version": "2.0.4",
      "resolved": "https://registry.npmjs.org/pako/-/pako-2.0.4.tgz",
      "integrity": "sha512-v8tweI900AUkZN6heMU/4Uy4cXRc2AYNRggVmTR+dEncawDJgCdLMximOVA2p4qO57WMynangsfGRb5WD6L1Bg=="
    },
    "requizzle": {
      "version": "0.2.3",
      "resolved": "https://registry.npmjs.org/requizzle/-/requizzle-0.2.3.tgz",
      "integrity": "sha512-YanoyJjykPxGHii0fZP0uUPEXpvqfBDxWV7s6GKAiiOsiqhX6vHNyW3Qzdmqp/iq/ExbhaGbVrjB4ruEVSM4GQ==",
      "requires": {
        "lodash": "^4.17.14"
      }
    },
    "rusha": {
      "version": "0.8.14",
      "resolved": "https://registry.npmjs.org/rusha/-/rusha-0.8.14.tgz",
      "integrity": "sha512-cLgakCUf6PedEu15t8kbsjnwIFFR2D4RfL+W3iWFJ4iac7z4B0ZI8fxy4R3J956kAI68HclCFGL8MPoUVC3qVA=="
    },
    "strip-json-comments": {
      "version": "3.1.1",
      "resolved": "https://registry.npmjs.org/strip-json-comments/-/strip-json-comments-3.1.1.tgz",
      "integrity": "sha512-6fPc+R4ihwqP6N/aIv2f1gMH8lOVtWQHoqC4yK6oSDVVocumAsfCqjkXnqiYMhmMwS/mEHLp7Vehlt3ql6lEig=="
    },
    "taffydb": {
      "version": "2.6.2",
      "resolved": "https://registry.npmjs.org/taffydb/-/taffydb-2.6.2.tgz",
      "integrity": "sha1-fLy2S1oUG2ou/CxdLGe04VCyomg="
    },
    "uc.micro": {
      "version": "1.0.6",
      "resolved": "https://registry.npmjs.org/uc.micro/-/uc.micro-1.0.6.tgz",
      "integrity": "sha512-8Y75pvTYkLJW2hWQHXxoqRgV7qb9B+9vFEtidML+7koHUFapnVJAZ6cKs+Qjz5Aw3aZWHMC6u0wJE3At+nSGwA=="
    },
    "uids": {
      "version": "1.0.3",
      "resolved": "https://registry.npmjs.org/uids/-/uids-1.0.3.tgz",
      "integrity": "sha512-24FCGStjt66s+bAyPhyeyUL+fZyZRZU4cMsmZMG2ElMCIpWbrwxN1xcDzxb7F0aebn5UbJTxRMqqSq2MhPDI6w==",
      "requires": {
        "num2str": "^3.1.1"
      }
    },
    "underscore": {
      "version": "1.13.2",
      "resolved": "https://registry.npmjs.org/underscore/-/underscore-1.13.2.tgz",
      "integrity": "sha512-ekY1NhRzq0B08g4bGuX4wd2jZx5GnKz6mKSqFL4nqBlfyMGiG10gDFhDTMEfYmDL6Jy0FUIZp7wiRB+0BP7J2g=="
    },
    "xmlcreate": {
      "version": "2.0.4",
      "resolved": "https://registry.npmjs.org/xmlcreate/-/xmlcreate-2.0.4.tgz",
      "integrity": "sha512-nquOebG4sngPmGPICTS5EnxqhKbCmz5Ox5hsszI2T6U5qdrJizBc+0ilYSEjTSzU0yZcmvppztXe/5Al5fUwdg=="
    }
  }
}
