{
  "name": "dicomparser",
  "lockfileVersion": 2,
  "requires": true,
  "packages": {
    "": {
      "dependencies": {
        "bootstrap": "^5.1.3",
        "cornerstone": "^0.1.1",
        "cornerstone-math": "^0.1.9",
        "cornerstone-tools": "^2.6.0",
        "cornerstone-wado-image-loader": "^4.1.1",
        "dicom-data-dictionary": "^0.3.1",
        "dicom-parser": "^1.8.11",
        "pako": "^2.0.4",
        "rusha": "^0.8.14",
        "uids": "^1.0.3"
      }
    },
    "node_modules/@cornerstonejs/codec-charls": {
      "version": "0.1.1",
      "resolved": "https://registry.npmjs.org/@cornerstonejs/codec-charls/-/codec-charls-0.1.1.tgz",
      "integrity": "sha512-Y250DGVzmownJ7WgpHxNqWvfTnv4/malaKm/tWm0xE1FxhQE8iErMWFpKxpNDk3MdfXO4/98piVsUwmJMiWoDQ=="
    },
    "node_modules/@cornerstonejs/codec-libjpeg-turbo-8bit": {
      "version": "0.0.7",
      "resolved": "https://registry.npmjs.org/@cornerstonejs/codec-libjpeg-turbo-8bit/-/codec-libjpeg-turbo-8bit-0.0.7.tgz",
      "integrity": "sha512-qgm6BuVAy5mNP8SJ+A6+VbmPnqgj8jPvJrw4HbUoAzndmf9/VHjTYwawn3kmZWya5ErFAsXQ6c0U0noB1LKAiA=="
    },
    "node_modules/@cornerstonejs/codec-openjpeg": {
      "version": "0.1.0",
      "resolved": "https://registry.npmjs.org/@cornerstonejs/codec-openjpeg/-/codec-openjpeg-0.1.0.tgz",
      "integrity": "sha512-9mwseBidYPQ1rGPcUU8JriQnzUi5Bgtontqca7gw47uzxC4Zamoc1Kuho5LUpbS1LSnOLePOkDrg/LCYhJIq8g=="
    },
    "node_modules/@popperjs/core": {
      "version": "2.11.2",
      "resolved": "https://registry.npmjs.org/@popperjs/core/-/core-2.11.2.tgz",
      "integrity": "sha512-92FRmppjjqz29VMJ2dn+xdyXZBrMlE42AV6Kq6BwjWV7CNUW1hs2FtxSNLQE+gJhaZ6AAmYuO9y8dshhcBl7vA==",
      "peer": true,
      "funding": {
        "type": "opencollective",
        "url": "https://opencollective.com/popperjs"
      }
    },
    "node_modules/bootstrap": {
      "version": "5.1.3",
      "resolved": "https://registry.npmjs.org/bootstrap/-/bootstrap-5.1.3.tgz",
      "integrity": "sha512-fcQztozJ8jToQWXxVuEyXWW+dSo8AiXWKwiSSrKWsRB/Qt+Ewwza+JWoLKiTuQLaEPhdNAJ7+Dosc9DOIqNy7Q==",
      "funding": {
        "type": "opencollective",
        "url": "https://opencollective.com/bootstrap"
      },
      "peerDependencies": {
        "@popperjs/core": "^2.10.2"
      }
    },
    "node_modules/cornerstone": {
      "version": "0.1.1",
      "resolved": "https://registry.npmjs.org/cornerstone/-/cornerstone-0.1.1.tgz",
      "integrity": "sha1-D4mxPUZVrgAEgUZpOWwZUqnXjt0="
    },
    "node_modules/cornerstone-core": {
      "version": "2.6.1",
      "resolved": "https://registry.npmjs.org/cornerstone-core/-/cornerstone-core-2.6.1.tgz",
      "integrity": "sha512-LAXjXwNnK2W65ZxpE7phVLjbijkYUrAQIGv5xqKjK8+dmIGlBxqvPHnyGwEqVDyKOWVrpXP6ymUPwrGGRwzgMg==",
      "peer": true
    },
    "node_modules/cornerstone-math": {
      "version": "0.1.9",
      "resolved": "https://registry.npmjs.org/cornerstone-math/-/cornerstone-math-0.1.9.tgz",
      "integrity": "sha512-NxdooV73asEQgav1S+0e+a4K+W3CXJdLXyFkVN24qqCtmIpzZzwtw3F9KWPCekzSAJmbhtQ3HicOQj3d4vRtuw=="
    },
    "node_modules/cornerstone-tools": {
      "version": "2.6.0",
      "resolved": "https://registry.npmjs.org/cornerstone-tools/-/cornerstone-tools-2.6.0.tgz",
      "integrity": "sha512-6B6MMiQgyPkNjKYHM5aRVmEIruUDm628b9j9tqRlI5P8dS8/kltY3UjUR50RW/PEY5W0IDD09pYNMTqP2oANtw==",
      "dependencies": {
        "cornerstone-math": "^0.1.6"
      }
    },
    "node_modules/cornerstone-wado-image-loader": {
      "version": "4.1.1",
      "resolved": "https://registry.npmjs.org/cornerstone-wado-image-loader/-/cornerstone-wado-image-loader-4.1.1.tgz",
      "integrity": "sha512-ekJIESqjZhDrMpUBZQDY+ta5bCbjjPB3f2k3+iagwMDnKuK7oo6WVxgEO68PHzR7jo5i+EeRMNsz1Hp5w2znMA==",
      "dependencies": {
        "@cornerstonejs/codec-charls": "^0.1.1",
        "@cornerstonejs/codec-libjpeg-turbo-8bit": "^0.0.7",
        "@cornerstonejs/codec-openjpeg": "^0.1.0",
        "dicom-parser": "^1.8.9",
        "pako": "^2.0.4"
      },
      "peerDependencies": {
        "cornerstone-core": "^2.6.0"
      }
    },
    "node_modules/dicom-data-dictionary": {
      "version": "0.3.1",
      "resolved": "https://registry.npmjs.org/dicom-data-dictionary/-/dicom-data-dictionary-0.3.1.tgz",
      "integrity": "sha1-zG61akFkObWLd819uTNbqvCGJYk="
    },
    "node_modules/dicom-parser": {
      "version": "1.8.11",
      "resolved": "https://registry.npmjs.org/dicom-parser/-/dicom-parser-1.8.11.tgz",
      "integrity": "sha512-KbxEDqv4Stynv5AxDh90+jY7MtPvI2uyOG62yD8zKu/pcZqoQYfPX44rB0ULjpxt6YIfXfajrs7B1L97RbjNsg=="
    },
    "node_modules/num2str": {
      "version": "3.1.1",
      "resolved": "https://registry.npmjs.org/num2str/-/num2str-3.1.1.tgz",
      "integrity": "sha512-/U/Sdl2KkX10aB6SI9fubvqv7gf7cclo1ohEBIrU/knA6qT26KAVxtdBBN2NtQh1rG01ta6oZtJpzH53RZIM3g=="
    },
    "node_modules/pako": {
      "version": "2.0.4",
      "resolved": "https://registry.npmjs.org/pako/-/pako-2.0.4.tgz",
      "integrity": "sha512-v8tweI900AUkZN6heMU/4Uy4cXRc2AYNRggVmTR+dEncawDJgCdLMximOVA2p4qO57WMynangsfGRb5WD6L1Bg=="
    },
    "node_modules/rusha": {
      "version": "0.8.14",
      "resolved": "https://registry.npmjs.org/rusha/-/rusha-0.8.14.tgz",
      "integrity": "sha512-cLgakCUf6PedEu15t8kbsjnwIFFR2D4RfL+W3iWFJ4iac7z4B0ZI8fxy4R3J956kAI68HclCFGL8MPoUVC3qVA=="
    },
    "node_modules/uids": {
      "version": "1.0.3",
      "resolved": "https://registry.npmjs.org/uids/-/uids-1.0.3.tgz",
      "integrity": "sha512-24FCGStjt66s+bAyPhyeyUL+fZyZRZU4cMsmZMG2ElMCIpWbrwxN1xcDzxb7F0aebn5UbJTxRMqqSq2MhPDI6w==",
      "dependencies": {
        "num2str": "^3.1.1"
      }
    }
  },
  "dependencies": {
    "@cornerstonejs/codec-charls": {
      "version": "0.1.1",
      "resolved": "https://registry.npmjs.org/@cornerstonejs/codec-charls/-/codec-charls-0.1.1.tgz",
      "integrity": "sha512-Y250DGVzmownJ7WgpHxNqWvfTnv4/malaKm/tWm0xE1FxhQE8iErMWFpKxpNDk3MdfXO4/98piVsUwmJMiWoDQ=="
    },
    "@cornerstonejs/codec-libjpeg-turbo-8bit": {
      "version": "0.0.7",
      "resolved": "https://registry.npmjs.org/@cornerstonejs/codec-libjpeg-turbo-8bit/-/codec-libjpeg-turbo-8bit-0.0.7.tgz",
      "integrity": "sha512-qgm6BuVAy5mNP8SJ+A6+VbmPnqgj8jPvJrw4HbUoAzndmf9/VHjTYwawn3kmZWya5ErFAsXQ6c0U0noB1LKAiA=="
    },
    "@cornerstonejs/codec-openjpeg": {
      "version": "0.1.0",
      "resolved": "https://registry.npmjs.org/@cornerstonejs/codec-openjpeg/-/codec-openjpeg-0.1.0.tgz",
      "integrity": "sha512-9mwseBidYPQ1rGPcUU8JriQnzUi5Bgtontqca7gw47uzxC4Zamoc1Kuho5LUpbS1LSnOLePOkDrg/LCYhJIq8g=="
    },
    "@popperjs/core": {
      "version": "2.11.2",
      "resolved": "https://registry.npmjs.org/@popperjs/core/-/core-2.11.2.tgz",
      "integrity": "sha512-92FRmppjjqz29VMJ2dn+xdyXZBrMlE42AV6Kq6BwjWV7CNUW1hs2FtxSNLQE+gJhaZ6AAmYuO9y8dshhcBl7vA==",
      "peer": true
    },
    "bootstrap": {
      "version": "5.1.3",
      "resolved": "https://registry.npmjs.org/bootstrap/-/bootstrap-5.1.3.tgz",
      "integrity": "sha512-fcQztozJ8jToQWXxVuEyXWW+dSo8AiXWKwiSSrKWsRB/Qt+Ewwza+JWoLKiTuQLaEPhdNAJ7+Dosc9DOIqNy7Q==",
      "requires": {}
    },
    "cornerstone": {
      "version": "0.1.1",
      "resolved": "https://registry.npmjs.org/cornerstone/-/cornerstone-0.1.1.tgz",
      "integrity": "sha1-D4mxPUZVrgAEgUZpOWwZUqnXjt0="
    },
    "cornerstone-core": {
      "version": "2.6.1",
      "resolved": "https://registry.npmjs.org/cornerstone-core/-/cornerstone-core-2.6.1.tgz",
      "integrity": "sha512-LAXjXwNnK2W65ZxpE7phVLjbijkYUrAQIGv5xqKjK8+dmIGlBxqvPHnyGwEqVDyKOWVrpXP6ymUPwrGGRwzgMg==",
      "peer": true
    },
    "cornerstone-math": {
      "version": "0.1.9",
      "resolved": "https://registry.npmjs.org/cornerstone-math/-/cornerstone-math-0.1.9.tgz",
      "integrity": "sha512-NxdooV73asEQgav1S+0e+a4K+W3CXJdLXyFkVN24qqCtmIpzZzwtw3F9KWPCekzSAJmbhtQ3HicOQj3d4vRtuw=="
    },
    "cornerstone-tools": {
      "version": "2.6.0",
      "resolved": "https://registry.npmjs.org/cornerstone-tools/-/cornerstone-tools-2.6.0.tgz",
      "integrity": "sha512-6B6MMiQgyPkNjKYHM5aRVmEIruUDm628b9j9tqRlI5P8dS8/kltY3UjUR50RW/PEY5W0IDD09pYNMTqP2oANtw==",
      "requires": {
        "cornerstone-math": "^0.1.6"
      }
    },
    "cornerstone-wado-image-loader": {
      "version": "4.1.1",
      "resolved": "https://registry.npmjs.org/cornerstone-wado-image-loader/-/cornerstone-wado-image-loader-4.1.1.tgz",
      "integrity": "sha512-ekJIESqjZhDrMpUBZQDY+ta5bCbjjPB3f2k3+iagwMDnKuK7oo6WVxgEO68PHzR7jo5i+EeRMNsz1Hp5w2znMA==",
      "requires": {
        "@cornerstonejs/codec-charls": "^0.1.1",
        "@cornerstonejs/codec-libjpeg-turbo-8bit": "^0.0.7",
        "@cornerstonejs/codec-openjpeg": "^0.1.0",
        "dicom-parser": "^1.8.9",
        "pako": "^2.0.4"
      }
    },
    "dicom-data-dictionary": {
      "version": "0.3.1",
      "resolved": "https://registry.npmjs.org/dicom-data-dictionary/-/dicom-data-dictionary-0.3.1.tgz",
      "integrity": "sha1-zG61akFkObWLd819uTNbqvCGJYk="
    },
    "dicom-parser": {
      "version": "1.8.11",
      "resolved": "https://registry.npmjs.org/dicom-parser/-/dicom-parser-1.8.11.tgz",
      "integrity": "sha512-KbxEDqv4Stynv5AxDh90+jY7MtPvI2uyOG62yD8zKu/pcZqoQYfPX44rB0ULjpxt6YIfXfajrs7B1L97RbjNsg=="
    },
    "num2str": {
      "version": "3.1.1",
      "resolved": "https://registry.npmjs.org/num2str/-/num2str-3.1.1.tgz",
      "integrity": "sha512-/U/Sdl2KkX10aB6SI9fubvqv7gf7cclo1ohEBIrU/knA6qT26KAVxtdBBN2NtQh1rG01ta6oZtJpzH53RZIM3g=="
    },
    "pako": {
      "version": "2.0.4",
      "resolved": "https://registry.npmjs.org/pako/-/pako-2.0.4.tgz",
      "integrity": "sha512-v8tweI900AUkZN6heMU/4Uy4cXRc2AYNRggVmTR+dEncawDJgCdLMximOVA2p4qO57WMynangsfGRb5WD6L1Bg=="
    },
    "rusha": {
      "version": "0.8.14",
      "resolved": "https://registry.npmjs.org/rusha/-/rusha-0.8.14.tgz",
      "integrity": "sha512-cLgakCUf6PedEu15t8kbsjnwIFFR2D4RfL+W3iWFJ4iac7z4B0ZI8fxy4R3J956kAI68HclCFGL8MPoUVC3qVA=="
    },
    "uids": {
      "version": "1.0.3",
      "resolved": "https://registry.npmjs.org/uids/-/uids-1.0.3.tgz",
      "integrity": "sha512-24FCGStjt66s+bAyPhyeyUL+fZyZRZU4cMsmZMG2ElMCIpWbrwxN1xcDzxb7F0aebn5UbJTxRMqqSq2MhPDI6w==",
      "requires": {
        "num2str": "^3.1.1"
      }
    }
  }
}
