{
  "name": "dicomparser",
  "lockfileVersion": 2,
  "requires": true,
  "packages": {
    "": {
      "dependencies": {
        "dicom-data-dictionary": "^0.3.1",
        "dicom-parser": "^1.8.11",
        "pako": "^2.0.4",
        "rusha": "^0.8.14",
        "uids": "^1.0.3"
      }
    },
    "node_modules/dicom-data-dictionary": {
      "version": "0.3.1",
      "resolved": "https://registry.npmjs.org/dicom-data-dictionary/-/dicom-data-dictionary-0.3.1.tgz",
      "integrity": "sha1-zG61akFkObWLd819uTNbqvCGJYk="
    },
    "node_modules/dicom-parser": {
      "version": "1.8.11",
      "resolved": "https://registry.npmjs.org/dicom-parser/-/dicom-parser-1.8.11.tgz",
      "integrity": "sha512-KbxEDqv4Stynv5AxDh90+jY7MtPvI2uyOG62yD8zKu/pcZqoQYfPX44rB0ULjpxt6YIfXfajrs7B1L97RbjNsg=="
    },
    "node_modules/num2str": {
      "version": "3.1.1",
      "resolved": "https://registry.npmjs.org/num2str/-/num2str-3.1.1.tgz",
      "integrity": "sha512-/U/Sdl2KkX10aB6SI9fubvqv7gf7cclo1ohEBIrU/knA6qT26KAVxtdBBN2NtQh1rG01ta6oZtJpzH53RZIM3g=="
    },
    "node_modules/pako": {
      "version": "2.0.4",
      "resolved": "https://registry.npmjs.org/pako/-/pako-2.0.4.tgz",
      "integrity": "sha512-v8tweI900AUkZN6heMU/4Uy4cXRc2AYNRggVmTR+dEncawDJgCdLMximOVA2p4qO57WMynangsfGRb5WD6L1Bg=="
    },
    "node_modules/rusha": {
      "version": "0.8.14",
      "resolved": "https://registry.npmjs.org/rusha/-/rusha-0.8.14.tgz",
      "integrity": "sha512-cLgakCUf6PedEu15t8kbsjnwIFFR2D4RfL+W3iWFJ4iac7z4B0ZI8fxy4R3J956kAI68HclCFGL8MPoUVC3qVA=="
    },
    "node_modules/uids": {
      "version": "1.0.3",
      "resolved": "https://registry.npmjs.org/uids/-/uids-1.0.3.tgz",
      "integrity": "sha512-24FCGStjt66s+bAyPhyeyUL+fZyZRZU4cMsmZMG2ElMCIpWbrwxN1xcDzxb7F0aebn5UbJTxRMqqSq2MhPDI6w==",
      "dependencies": {
        "num2str": "^3.1.1"
      }
    }
  },
  "dependencies": {
    "dicom-data-dictionary": {
      "version": "0.3.1",
      "resolved": "https://registry.npmjs.org/dicom-data-dictionary/-/dicom-data-dictionary-0.3.1.tgz",
      "integrity": "sha1-zG61akFkObWLd819uTNbqvCGJYk="
    },
    "dicom-parser": {
      "version": "1.8.11",
      "resolved": "https://registry.npmjs.org/dicom-parser/-/dicom-parser-1.8.11.tgz",
      "integrity": "sha512-KbxEDqv4Stynv5AxDh90+jY7MtPvI2uyOG62yD8zKu/pcZqoQYfPX44rB0ULjpxt6YIfXfajrs7B1L97RbjNsg=="
    },
    "num2str": {
      "version": "3.1.1",
      "resolved": "https://registry.npmjs.org/num2str/-/num2str-3.1.1.tgz",
      "integrity": "sha512-/U/Sdl2KkX10aB6SI9fubvqv7gf7cclo1ohEBIrU/knA6qT26KAVxtdBBN2NtQh1rG01ta6oZtJpzH53RZIM3g=="
    },
    "pako": {
      "version": "2.0.4",
      "resolved": "https://registry.npmjs.org/pako/-/pako-2.0.4.tgz",
      "integrity": "sha512-v8tweI900AUkZN6heMU/4Uy4cXRc2AYNRggVmTR+dEncawDJgCdLMximOVA2p4qO57WMynangsfGRb5WD6L1Bg=="
    },
    "rusha": {
      "version": "0.8.14",
      "resolved": "https://registry.npmjs.org/rusha/-/rusha-0.8.14.tgz",
      "integrity": "sha512-cLgakCUf6PedEu15t8kbsjnwIFFR2D4RfL+W3iWFJ4iac7z4B0ZI8fxy4R3J956kAI68HclCFGL8MPoUVC3qVA=="
    },
    "uids": {
      "version": "1.0.3",
      "resolved": "https://registry.npmjs.org/uids/-/uids-1.0.3.tgz",
      "integrity": "sha512-24FCGStjt66s+bAyPhyeyUL+fZyZRZU4cMsmZMG2ElMCIpWbrwxN1xcDzxb7F0aebn5UbJTxRMqqSq2MhPDI6w==",
      "requires": {
        "num2str": "^3.1.1"
      }
    }
  }
}
